
Microsoft Visual Studio Solution File, Format Version 12.00
# Visual Studio 2012
Project("{8BC9CEB8-8B4A-11D0-8D11-00A0C91BC942}") = "TankBattle", "TankBattle\TankBattle.vcxproj", "{B73AB454-9679-45D3-B11E-2DE4F2937A22}"
EndProject
Global
	GlobalSection(SolutionConfigurationPlatforms) = preSolution
		Debug|Win32 = Debug|Win32
		Release|Win32 = Release|Win32
	EndGlobalSection
	GlobalSection(ProjectConfigurationPlatforms) = postSolution
		{B73AB454-9679-45D3-B11E-2DE4F2937A22}.Debug|Win32.ActiveCfg = Debug|Win32
		{B73AB454-9679-45D3-B11E-2DE4F2937A22}.Debug|Win32.Build.0 = Debug|Win32
		{B73AB454-9679-45D3-B11E-2DE4F2937A22}.Release|Win32.ActiveCfg = Release|Win32
		{B73AB454-9679-45D3-B11E-2DE4F2937A22}.Release|Win32.Build.0 = Release|Win32
	EndGlobalSection
	GlobalSection(SolutionProperties) = preSolution
		HideSolutionNode = FALSE
	EndGlobalSection
	GlobalSection(Performance) = preSolution
		HasPerformanceSessions = true
	EndGlobalSection
EndGlobal
